{
  "name": "yugioh_card",
  "version": "1.0.0",
  "lockfileVersion": 2,
  "requires": true,
  "packages": {
    "": {
      "name": "yugioh_card",
      "version": "1.0.0",
      "license": "ISC",
      "dependencies": {
        "image-downloader": "^4.3.0"
      }
    },
    "node_modules/follow-redirects": {
      "version": "1.15.1",
      "resolved": "https://registry.npmjs.org/follow-redirects/-/follow-redirects-1.15.1.tgz",
      "integrity": "sha512-yLAMQs+k0b2m7cVxpS1VKJVvoz7SS9Td1zss3XRwXj+ZDH00RJgnuLx7E44wx02kQLrdM3aOOy+FpzS7+8OizA==",
      "funding": [
        {
          "type": "individual",
          "url": "https://github.com/sponsors/RubenVerborgh"
        }
      ],
      "engines": {
        "node": ">=4.0"
      },
      "peerDependenciesMeta": {
        "debug": {
          "optional": true
        }
      }
    },
    "node_modules/image-downloader": {
      "version": "4.3.0",
      "resolved": "https://registry.npmjs.org/image-downloader/-/image-downloader-4.3.0.tgz",
      "integrity": "sha512-UBioN0E+8zu8N0lLC6wkZmPA/MA1A3yx9B1whjy5O/YiOV9XrSxLLKi7JqLLj6knQ3n9N1OBoHFS7shp8sehBQ==",
      "dependencies": {
        "follow-redirects": "^1.15.0"
      },
      "engines": {
        "node": ">=6.10.1"
      }
    }
  },
  "dependencies": {
    "follow-redirects": {
      "version": "1.15.1",
      "resolved": "https://registry.npmjs.org/follow-redirects/-/follow-redirects-1.15.1.tgz",
      "integrity": "sha512-yLAMQs+k0b2m7cVxpS1VKJVvoz7SS9Td1zss3XRwXj+ZDH00RJgnuLx7E44wx02kQLrdM3aOOy+FpzS7+8OizA=="
    },
    "image-downloader": {
      "version": "4.3.0",
      "resolved": "https://registry.npmjs.org/image-downloader/-/image-downloader-4.3.0.tgz",
      "integrity": "sha512-UBioN0E+8zu8N0lLC6wkZmPA/MA1A3yx9B1whjy5O/YiOV9XrSxLLKi7JqLLj6knQ3n9N1OBoHFS7shp8sehBQ==",
      "requires": {
        "follow-redirects": "^1.15.0"
      }
    }
  }
}
